
Microsoft Visual Studio Solution File, Format Version 12.00
# Visual Studio 15
VisualStudioVersion = 15.0.27428.2043
MinimumVisualStudioVersion = 10.0.40219.1
Project("{FAE04EC0-301F-11D3-BF4B-00C04F79EFBC}") = "OpenMwDataManager", "OpenMwDataManager.csproj", "{924731C5-AD9A-4D68-83CE-1848BB0C4C24}"
EndProject
Global
	GlobalSection(SolutionConfigurationPlatforms) = preSolution
		Debug|Any CPU = Debug|Any CPU
		Release|Any CPU = Release|Any CPU
	EndGlobalSection
	GlobalSection(ProjectConfigurationPlatforms) = postSolution
		{924731C5-AD9A-4D68-83CE-1848BB0C4C24}.Debug|Any CPU.ActiveCfg = Debug|Any CPU
		{924731C5-AD9A-4D68-83CE-1848BB0C4C24}.Debug|Any CPU.Build.0 = Debug|Any CPU
		{924731C5-AD9A-4D68-83CE-1848BB0C4C24}.Release|Any CPU.ActiveCfg = Release|Any CPU
		{924731C5-AD9A-4D68-83CE-1848BB0C4C24}.Release|Any CPU.Build.0 = Release|Any CPU
	EndGlobalSection
	GlobalSection(SolutionProperties) = preSolution
		HideSolutionNode = FALSE
	EndGlobalSection
	GlobalSection(ExtensibilityGlobals) = postSolution
		SolutionGuid = {ED0CE527-E9F3-4480-BD41-5AA895431E53}
	EndGlobalSection
EndGlobal
